<?xml version="1.0" encoding="utf-8"?>
<Project ToolsVersion="17.0" xmlns="http://schemas.microsoft.com/developer/msbuild/2003">
  <ItemGroup>
    <CustomBuild Include="C:\Users\axelo\OneDrive\Dokument\assimp-master\CMakeFiles\abbc84be907af76530bdc7c722453aac\INSTALL_force.rule">
      <Filter>CMake Rules</Filter>
    </CustomBuild>
  </ItemGroup>
  <ItemGroup>
    <Filter Include="CMake Rules">
      <UniqueIdentifier>{9EC4447A-030F-3F63-9AC7-D482AD6CADB5}</UniqueIdentifier>
    </Filter>
  </ItemGroup>
</Project>
